
Microsoft Visual Studio Solution File, Format Version 12.00
# Visual Studio 15
Project("{FAE04EC0-301F-11D3-BF4B-00C04F79EFBC}") = "DBInterface", "DBInterface\DBInterface.csproj", "{3DB76A99-D19F-4207-BD0D-D5114C0C8853}"
EndProject
Global
	GlobalSection(SolutionConfigurationPlatforms) = preSolution
		Debug|Any CPU = Debug|Any CPU
		Release|Any CPU = Release|Any CPU
	EndGlobalSection
	GlobalSection(ProjectConfigurationPlatforms) = postSolution
		{3DB76A99-D19F-4207-BD0D-D5114C0C8853}.Debug|Any CPU.ActiveCfg = Debug|Any CPU
		{3DB76A99-D19F-4207-BD0D-D5114C0C8853}.Debug|Any CPU.Build.0 = Debug|Any CPU
		{3DB76A99-D19F-4207-BD0D-D5114C0C8853}.Release|Any CPU.ActiveCfg = Release|Any CPU
		{3DB76A99-D19F-4207-BD0D-D5114C0C8853}.Release|Any CPU.Build.0 = Release|Any CPU
	EndGlobalSection
EndGlobal
